
Microsoft Visual Studio Solution File, Format Version 12.00
# Visual Studio 15
VisualStudioVersion = 15.0.27130.2027
MinimumVisualStudioVersion = 10.0.40219.1
Project("{FAE04EC0-301F-11D3-BF4B-00C04F79EFBC}") = "SampleApp.Core", "SampleApp.Core\SampleApp.Core.csproj", "{F624E938-27BF-481E-B2A4-7A68F1015948}"
EndProject
Project("{9A19103F-16F7-4668-BE54-9A1E7A4F7556}") = "SampleApp.OAuth", "SampleApp.OAuth\SampleApp.OAuth.csproj", "{649CD4B3-2C70-4CA6-A4BA-8E59BA748DCD}"
EndProject
Project("{FAE04EC0-301F-11D3-BF4B-00C04F79EFBC}") = "SampleApp.Logging", "SampleApp.Logging\SampleApp.Logging.csproj", "{A376FBEA-CFCC-4B1D-A334-18B6C0B40FBF}"
EndProject
Project("{FAE04EC0-301F-11D3-BF4B-00C04F79EFBC}") = "SampleApp.Caching", "SampleApp.Caching\SampleApp.Caching.csproj", "{4B0C5714-DAA9-4EBC-BF4B-838091790B36}"
EndProject
Project("{9A19103F-16F7-4668-BE54-9A1E7A4F7556}") = "SampleApp.Api", "SampleApp.Api\SampleApp.Api.csproj", "{60892445-1CA8-4C31-9054-0EF3D16DAEAC}"
EndProject
Project("{9A19103F-16F7-4668-BE54-9A1E7A4F7556}") = "SampleApp.Client", "SampleApp.Client\SampleApp.Client.csproj", "{641EFA1F-A09E-43B5-A327-2E8EDC0FBBA1}"
EndProject
Project("{FAE04EC0-301F-11D3-BF4B-00C04F79EFBC}") = "SampleApp.Ordering", "SampleApp.Ordering\SampleApp.Ordering.csproj", "{A6B9A094-6A04-4B8F-84A7-F7C4130CF72F}"
EndProject
Project("{2150E333-8FDC-42A3-9474-1A3956D46DE8}") = "Solution Items", "Solution Items", "{F3A5B58D-88D4-4852-8177-D2D4AA4F3A1C}"
	ProjectSection(SolutionItems) = preProject
		docker-compose.yml = docker-compose.yml
	EndProjectSection
EndProject
Project("{2150E333-8FDC-42A3-9474-1A3956D46DE8}") = "Sale", "Sale", "{4A5AC90D-8545-4236-B6D9-BB33A3E573C9}"
EndProject
Project("{FAE04EC0-301F-11D3-BF4B-00C04F79EFBC}") = "SampleApp.Sale", "SampleApp.Sale\SampleApp.Sale.csproj", "{B513A62D-C886-44B6-A7F4-D99D0FDE5D6B}"
EndProject
Global
	GlobalSection(SolutionConfigurationPlatforms) = preSolution
		Debug|Any CPU = Debug|Any CPU
		Release|Any CPU = Release|Any CPU
	EndGlobalSection
	GlobalSection(ProjectConfigurationPlatforms) = postSolution
		{F624E938-27BF-481E-B2A4-7A68F1015948}.Debug|Any CPU.ActiveCfg = Debug|Any CPU
		{F624E938-27BF-481E-B2A4-7A68F1015948}.Debug|Any CPU.Build.0 = Debug|Any CPU
		{F624E938-27BF-481E-B2A4-7A68F1015948}.Release|Any CPU.ActiveCfg = Release|Any CPU
		{F624E938-27BF-481E-B2A4-7A68F1015948}.Release|Any CPU.Build.0 = Release|Any CPU
		{649CD4B3-2C70-4CA6-A4BA-8E59BA748DCD}.Debug|Any CPU.ActiveCfg = Debug|Any CPU
		{649CD4B3-2C70-4CA6-A4BA-8E59BA748DCD}.Debug|Any CPU.Build.0 = Debug|Any CPU
		{649CD4B3-2C70-4CA6-A4BA-8E59BA748DCD}.Release|Any CPU.ActiveCfg = Release|Any CPU
		{649CD4B3-2C70-4CA6-A4BA-8E59BA748DCD}.Release|Any CPU.Build.0 = Release|Any CPU
		{A376FBEA-CFCC-4B1D-A334-18B6C0B40FBF}.Debug|Any CPU.ActiveCfg = Debug|Any CPU
		{A376FBEA-CFCC-4B1D-A334-18B6C0B40FBF}.Debug|Any CPU.Build.0 = Debug|Any CPU
		{A376FBEA-CFCC-4B1D-A334-18B6C0B40FBF}.Release|Any CPU.ActiveCfg = Release|Any CPU
		{A376FBEA-CFCC-4B1D-A334-18B6C0B40FBF}.Release|Any CPU.Build.0 = Release|Any CPU
		{4B0C5714-DAA9-4EBC-BF4B-838091790B36}.Debug|Any CPU.ActiveCfg = Debug|Any CPU
		{4B0C5714-DAA9-4EBC-BF4B-838091790B36}.Debug|Any CPU.Build.0 = Debug|Any CPU
		{4B0C5714-DAA9-4EBC-BF4B-838091790B36}.Release|Any CPU.ActiveCfg = Release|Any CPU
		{4B0C5714-DAA9-4EBC-BF4B-838091790B36}.Release|Any CPU.Build.0 = Release|Any CPU
		{60892445-1CA8-4C31-9054-0EF3D16DAEAC}.Debug|Any CPU.ActiveCfg = Debug|Any CPU
		{60892445-1CA8-4C31-9054-0EF3D16DAEAC}.Debug|Any CPU.Build.0 = Debug|Any CPU
		{60892445-1CA8-4C31-9054-0EF3D16DAEAC}.Release|Any CPU.ActiveCfg = Release|Any CPU
		{60892445-1CA8-4C31-9054-0EF3D16DAEAC}.Release|Any CPU.Build.0 = Release|Any CPU
		{641EFA1F-A09E-43B5-A327-2E8EDC0FBBA1}.Debug|Any CPU.ActiveCfg = Debug|Any CPU
		{641EFA1F-A09E-43B5-A327-2E8EDC0FBBA1}.Debug|Any CPU.Build.0 = Debug|Any CPU
		{641EFA1F-A09E-43B5-A327-2E8EDC0FBBA1}.Release|Any CPU.ActiveCfg = Release|Any CPU
		{641EFA1F-A09E-43B5-A327-2E8EDC0FBBA1}.Release|Any CPU.Build.0 = Release|Any CPU
		{A6B9A094-6A04-4B8F-84A7-F7C4130CF72F}.Debug|Any CPU.ActiveCfg = Debug|Any CPU
		{A6B9A094-6A04-4B8F-84A7-F7C4130CF72F}.Debug|Any CPU.Build.0 = Debug|Any CPU
		{A6B9A094-6A04-4B8F-84A7-F7C4130CF72F}.Release|Any CPU.ActiveCfg = Release|Any CPU
		{A6B9A094-6A04-4B8F-84A7-F7C4130CF72F}.Release|Any CPU.Build.0 = Release|Any CPU
		{B513A62D-C886-44B6-A7F4-D99D0FDE5D6B}.Debug|Any CPU.ActiveCfg = Debug|Any CPU
		{B513A62D-C886-44B6-A7F4-D99D0FDE5D6B}.Debug|Any CPU.Build.0 = Debug|Any CPU
		{B513A62D-C886-44B6-A7F4-D99D0FDE5D6B}.Release|Any CPU.ActiveCfg = Release|Any CPU
		{B513A62D-C886-44B6-A7F4-D99D0FDE5D6B}.Release|Any CPU.Build.0 = Release|Any CPU
	EndGlobalSection
	GlobalSection(SolutionProperties) = preSolution
		HideSolutionNode = FALSE
	EndGlobalSection
	GlobalSection(NestedProjects) = preSolution
		{B513A62D-C886-44B6-A7F4-D99D0FDE5D6B} = {4A5AC90D-8545-4236-B6D9-BB33A3E573C9}
	EndGlobalSection
	GlobalSection(ExtensibilityGlobals) = postSolution
		SolutionGuid = {2383072A-0C77-43F8-92D4-A9C080B31536}
	EndGlobalSection
EndGlobal
